<?xml version="1.0" encoding="utf-8"?>
<Project ToolsVersion="4.0" xmlns="http://schemas.microsoft.com/developer/msbuild/2003">
  <ItemGroup>
    <Filter Include="ソース ファイル">
      <UniqueIdentifier>{4FC737F1-C7A5-4376-A066-2A32D752A2FF}</UniqueIdentifier>
      <Extensions>cpp;c;cc;cxx;def;odl;idl;hpj;bat;asm;asmx</Extensions>
    </Filter>
    <Filter Include="ヘッダー ファイル">
      <UniqueIdentifier>{93995380-89BD-4b04-88EB-625FBE52EBFB}</UniqueIdentifier>
      <Extensions>h;hh;hpp;hxx;hm;inl;inc;xsd</Extensions>
    </Filter>
    <Filter Include="リソース ファイル">
      <UniqueIdentifier>{67DA6AB6-F800-4c08-8B7A-83BB121AAD01}</UniqueIdentifier>
      <Extensions>rc;ico;cur;bmp;dlg;rc2;rct;bin;rgs;gif;jpg;jpeg;jpe;resx;tiff;tif;png;wav;mfcribbon-ms</Extensions>
    </Filter>
  </ItemGroup>
  <ItemGroup>
    <ClCompile Include="keyboard.cc">
      <Filter>ソース ファイル</Filter>
    </ClCompile>
    <ClCompile Include="midi_synthesizer.cc">
      <Filter>ソース ファイル</Filter>
    </ClCompile>
    <ClCompile Include="standard_midi_format_reader.cc">
      <Filter>ソース ファイル</Filter>
    </ClCompile>
    <ClCompile Include="standard_midi_format.cc">
      <Filter>ソース ファイル</Filter>
    </ClCompile>
    <ClCompile Include="sequencer.cc">
      <Filter>ソース ファイル</Filter>
    </ClCompile>
    <ClCompile Include="sequencer_manager.cc">
      <Filter>ソース ファイル</Filter>
    </ClCompile>
    <ClCompile Include="setting.cc">
      <Filter>ソース ファイル</Filter>
    </ClCompile>
    <ClCompile Include="key_sequencer.cc">
      <Filter>ソース ファイル</Filter>
    </ClCompile>
    <ClCompile Include="string_table.cc">
      <Filter>ソース ファイル</Filter>
    </ClCompile>
    <ClCompile Include="midi_device_input_to_keyboard.cc">
      <Filter>ソース ファイル</Filter>
    </ClCompile>
    <ClCompile Include="winmain.cc">
      <Filter>ソース ファイル</Filter>
    </ClCompile>
    <ClCompile Include="logger.cc">
      <Filter>ソース ファイル</Filter>
    </ClCompile>
    <ClCompile Include="main_window.cc">
      <Filter>ソース ファイル</Filter>
    </ClCompile>
    <ClCompile Include="key_bind_window.cc">
      <Filter>ソース ファイル</Filter>
    </ClCompile>
  </ItemGroup>
  <ItemGroup>
    <ClInclude Include="resource.h">
      <Filter>ヘッダー ファイル</Filter>
    </ClInclude>
    <ClInclude Include="keyboard.h">
      <Filter>ヘッダー ファイル</Filter>
    </ClInclude>
    <ClInclude Include="midi_synthesizer.h">
      <Filter>ヘッダー ファイル</Filter>
    </ClInclude>
    <ClInclude Include="standard_midi_format_reader.h">
      <Filter>ヘッダー ファイル</Filter>
    </ClInclude>
    <ClInclude Include="standard_midi_format_event.h">
      <Filter>ヘッダー ファイル</Filter>
    </ClInclude>
    <ClInclude Include="standard_midi_format.h">
      <Filter>ヘッダー ファイル</Filter>
    </ClInclude>
    <ClInclude Include="sequencer.h">
      <Filter>ヘッダー ファイル</Filter>
    </ClInclude>
    <ClInclude Include="sequencer_manager.h">
      <Filter>ヘッダー ファイル</Filter>
    </ClInclude>
    <ClInclude Include="setting.h">
      <Filter>ヘッダー ファイル</Filter>
    </ClInclude>
    <ClInclude Include="key_sequencer.h">
      <Filter>ヘッダー ファイル</Filter>
    </ClInclude>
    <ClInclude Include="string_table.h">
      <Filter>ヘッダー ファイル</Filter>
    </ClInclude>
    <ClInclude Include="critical_section_lock.h">
      <Filter>ヘッダー ファイル</Filter>
    </ClInclude>
    <ClInclude Include="scope_exit_mutex.h">
      <Filter>ヘッダー ファイル</Filter>
    </ClInclude>
    <ClInclude Include="midi_device_input_to_keyboard.h">
      <Filter>ヘッダー ファイル</Filter>
    </ClInclude>
    <ClInclude Include="logger.h">
      <Filter>ヘッダー ファイル</Filter>
    </ClInclude>
    <ClInclude Include="constants.h">
      <Filter>ヘッダー ファイル</Filter>
    </ClInclude>
    <ClInclude Include="main_window.h">
      <Filter>ヘッダー ファイル</Filter>
    </ClInclude>
    <ClInclude Include="key_bind_window.h">
      <Filter>ヘッダー ファイル</Filter>
    </ClInclude>
  </ItemGroup>
  <ItemGroup>
    <ResourceCompile Include="Resource.rc">
      <Filter>リソース ファイル</Filter>
    </ResourceCompile>
  </ItemGroup>
  <ItemGroup>
    <Image Include="icon1.ico">
      <Filter>リソース ファイル</Filter>
    </Image>
  </ItemGroup>
</Project>